
Microsoft Visual Studio Solution File, Format Version 12.00
# Visual Studio Version 16
VisualStudioVersion = 16.0.30804.86
MinimumVisualStudioVersion = 10.0.40219.1
Project("{FAE04EC0-301F-11D3-BF4B-00C04F79EFBC}") = "Mastermind", "Mastermind\Mastermind.csproj", "{4F18B387-6650-41F4-9AD4-9D2812FABAF3}"
EndProject
Global
	GlobalSection(SolutionConfigurationPlatforms) = preSolution
		Debug|Any CPU = Debug|Any CPU
		Release|Any CPU = Release|Any CPU
	EndGlobalSection
	GlobalSection(ProjectConfigurationPlatforms) = postSolution
		{4F18B387-6650-41F4-9AD4-9D2812FABAF3}.Debug|Any CPU.ActiveCfg = Debug|Any CPU
		{4F18B387-6650-41F4-9AD4-9D2812FABAF3}.Debug|Any CPU.Build.0 = Debug|Any CPU
		{4F18B387-6650-41F4-9AD4-9D2812FABAF3}.Release|Any CPU.ActiveCfg = Release|Any CPU
		{4F18B387-6650-41F4-9AD4-9D2812FABAF3}.Release|Any CPU.Build.0 = Release|Any CPU
	EndGlobalSection
	GlobalSection(SolutionProperties) = preSolution
		HideSolutionNode = FALSE
	EndGlobalSection
	GlobalSection(ExtensibilityGlobals) = postSolution
		SolutionGuid = {403C35A3-08C6-49C0-94C1-63AE218BEB46}
	EndGlobalSection
EndGlobal
